
Microsoft Visual Studio Solution File, Format Version 12.00
# Visual Studio Version 17
VisualStudioVersion = 17.9.34723.18
MinimumVisualStudioVersion = 10.0.40219.1
Project("{9A19103F-16F7-4668-BE54-9A1E7A4F7556}") = "Tchat.API", "Tchat.API\Tchat.API.csproj", "{F67347D0-4A2A-416D-957D-3AC7875C9470}"
EndProject
Project("{9A19103F-16F7-4668-BE54-9A1E7A4F7556}") = "Tchat.API.Data.Persistence", "..\Tchat.API.Persistence\Tchat.API.Data.Persistence.csproj", "{A3E654C7-9389-44D3-A03D-70ACE567C96C}"
EndProject
Project("{9A19103F-16F7-4668-BE54-9A1E7A4F7556}") = "Tchat.Api.Domain", "Tchat.Api.Domain\Tchat.Api.Domain.csproj", "{C8E93050-5593-4385-A9C1-F740713123DC}"
EndProject
Project("{9A19103F-16F7-4668-BE54-9A1E7A4F7556}") = "Tchat.Api.Data.Repository", "Tchat.Api.Data.Repository\Tchat.Api.Data.Repository.csproj", "{A7E2776F-F5B8-4AB9-9DC3-C8E779FD79C7}"
EndProject
Project("{9A19103F-16F7-4668-BE54-9A1E7A4F7556}") = "Tchat.Api.Data.Repository.DataBase", "Tchat.Api.Data.Repository.DataBase\Tchat.Api.Data.Repository.DataBase.csproj", "{0C83C912-447C-4178-BE5A-6CD7F82E9C7C}"
EndProject
Project("{9A19103F-16F7-4668-BE54-9A1E7A4F7556}") = "Tchat.Api.Data.Repository.DataBase.Test", "Tchat.Api.Data.Repository.DataBase.Test\Tchat.Api.Data.Repository.DataBase.Test.csproj", "{55A2CF8C-CFC7-4768-9585-5A670338CBF9}"
EndProject
Project("{9A19103F-16F7-4668-BE54-9A1E7A4F7556}") = "Tchat.Api.Data.Repository.Database.Test.Utils", "Tchat.Api.Data.Repository.Database.Test.Utils\Tchat.Api.Data.Repository.Database.Test.Utils.csproj", "{833104BE-389D-4FCA-9D11-8A799A630202}"
EndProject
Project("{9A19103F-16F7-4668-BE54-9A1E7A4F7556}") = "Tchat.Api.Services", "Tchat.Api.Services\Tchat.Api.Services.csproj", "{776959A8-FE40-4B14-A7FF-B8814135E899}"
EndProject
Project("{9A19103F-16F7-4668-BE54-9A1E7A4F7556}") = "Tchat.Api.Models", "Tchat.Api.Models\Tchat.Api.Models.csproj", "{D952944C-B3D0-49DA-9694-AE0471BC1962}"
EndProject
Project("{9A19103F-16F7-4668-BE54-9A1E7A4F7556}") = "Tchat.Api.Mappers", "Tchat.Api.Mappers\Tchat.Api.Mappers.csproj", "{43C1BDF5-F686-49D4-85FA-19A11A8892C3}"
EndProject
Project("{9A19103F-16F7-4668-BE54-9A1E7A4F7556}") = "Tchat.Api.Services.Auth", "Tchat.Api.Service.Auth\Tchat.Api.Services.Auth.csproj", "{0D541232-9E68-44D5-BDC4-35A4F7F8ECA0}"
EndProject
Project("{9A19103F-16F7-4668-BE54-9A1E7A4F7556}") = "Tchat.Api.Exceptions", "Tchat.Api.Exceptions\Tchat.Api.Exceptions.csproj", "{EBD9083B-42B8-46ED-AA55-00BF89A81D8F}"
EndProject
Project("{9A19103F-16F7-4668-BE54-9A1E7A4F7556}") = "Tchat.Api.Services.Utils", "Tchat.Api.Services.Utils\Tchat.Api.Services.Utils.csproj", "{425BB7F7-7676-431E-A868-2D4D5B7E81A3}"
EndProject
Project("{2150E333-8FDC-42A3-9474-1A3956D46DE8}") = "Tests", "Tests", "{2D78F507-C3C5-4117-8A06-E6174D183AFF}"
EndProject
Project("{9A19103F-16F7-4668-BE54-9A1E7A4F7556}") = "Tchat.Api.Services.Utils.Tests", "Tchat.Api.Services.Utils.Tests\Tchat.Api.Services.Utils.Tests.csproj", "{ED775E2B-875C-47BA-8CE3-0D225B068958}"
EndProject
Project("{9A19103F-16F7-4668-BE54-9A1E7A4F7556}") = "Tchat.Api.Services.Messages", "Tchat.Api.Services.Messages\Tchat.Api.Services.Messages.csproj", "{70AFDFCC-12C4-40BA-AEB4-5A1D225230D5}"
EndProject
Project("{9A19103F-16F7-4668-BE54-9A1E7A4F7556}") = "Tchat.Api.Services.Auth.Tests", "Tchat.Api.Services.Auth.Tests\Tchat.Api.Services.Auth.Tests.csproj", "{C2F49E00-E06F-48D7-9638-D536FDB6BBE8}"
EndProject
Project("{2150E333-8FDC-42A3-9474-1A3956D46DE8}") = "src", "src", "{EF9B0385-D7E7-4850-83AF-B7F469301A1B}"
EndProject
Project("{9A19103F-16F7-4668-BE54-9A1E7A4F7556}") = "Tchat.Api.Services.User", "Tchat.Api.Services.User\Tchat.Api.Services.User.csproj", "{94079B51-EB94-4AFD-BBDD-7CCB9D8B530D}"
EndProject
Project("{2150E333-8FDC-42A3-9474-1A3956D46DE8}") = "Éléments de solution", "Éléments de solution", "{D69BAD52-2B10-45D8-9246-0956A54CB133}"
	ProjectSection(SolutionItems) = preProject
		.gitignore = .gitignore
		README.md = README.md
	EndProjectSection
EndProject
Project("{2150E333-8FDC-42A3-9474-1A3956D46DE8}") = "services", "services", "{EDF9665B-7FD7-4071-9F63-BC1CF3449751}"
EndProject
Project("{9A19103F-16F7-4668-BE54-9A1E7A4F7556}") = "Tchat.Api.Services.Contact", "Tchat.Api.Services.Contact\Tchat.Api.Services.Contact.csproj", "{D04BC8CA-9D72-471E-BE51-B68D58799D16}"
EndProject
Project("{9A19103F-16F7-4668-BE54-9A1E7A4F7556}") = "Tchat.Api.Services.Contact.Tests", "Tchat.Api.Services.Contact.Tests\Tchat.Api.Services.Contact.Tests.csproj", "{4D0B4220-0828-4738-95AF-43B9264EDBDE}"
EndProject
Project("{9A19103F-16F7-4668-BE54-9A1E7A4F7556}") = "Tchat.Api.Services.User.Tests", "Tchat.Api.Services.User.Tests\Tchat.Api.Services.User.Tests.csproj", "{788D2586-2D0D-4E45-81D5-8FFE178338CE}"
EndProject
Project("{2150E333-8FDC-42A3-9474-1A3956D46DE8}") = "args", "args", "{6FBDB269-D6B1-45EE-8941-2FB986342121}"
EndProject
Project("{9A19103F-16F7-4668-BE54-9A1E7A4F7556}") = "Tchat.API.Args", "Tchat.API.Args\Tchat.API.Args.csproj", "{5C5978A0-22D5-4B46-B831-F3CB929CA377}"
EndProject
Global
	GlobalSection(SolutionConfigurationPlatforms) = preSolution
		Debug|Any CPU = Debug|Any CPU
		Release|Any CPU = Release|Any CPU
	EndGlobalSection
	GlobalSection(ProjectConfigurationPlatforms) = postSolution
		{F67347D0-4A2A-416D-957D-3AC7875C9470}.Debug|Any CPU.ActiveCfg = Debug|Any CPU
		{F67347D0-4A2A-416D-957D-3AC7875C9470}.Debug|Any CPU.Build.0 = Debug|Any CPU
		{F67347D0-4A2A-416D-957D-3AC7875C9470}.Release|Any CPU.ActiveCfg = Release|Any CPU
		{F67347D0-4A2A-416D-957D-3AC7875C9470}.Release|Any CPU.Build.0 = Release|Any CPU
		{A3E654C7-9389-44D3-A03D-70ACE567C96C}.Debug|Any CPU.ActiveCfg = Debug|Any CPU
		{A3E654C7-9389-44D3-A03D-70ACE567C96C}.Debug|Any CPU.Build.0 = Debug|Any CPU
		{A3E654C7-9389-44D3-A03D-70ACE567C96C}.Release|Any CPU.ActiveCfg = Release|Any CPU
		{A3E654C7-9389-44D3-A03D-70ACE567C96C}.Release|Any CPU.Build.0 = Release|Any CPU
		{C8E93050-5593-4385-A9C1-F740713123DC}.Debug|Any CPU.ActiveCfg = Debug|Any CPU
		{C8E93050-5593-4385-A9C1-F740713123DC}.Debug|Any CPU.Build.0 = Debug|Any CPU
		{C8E93050-5593-4385-A9C1-F740713123DC}.Release|Any CPU.ActiveCfg = Release|Any CPU
		{C8E93050-5593-4385-A9C1-F740713123DC}.Release|Any CPU.Build.0 = Release|Any CPU
		{A7E2776F-F5B8-4AB9-9DC3-C8E779FD79C7}.Debug|Any CPU.ActiveCfg = Debug|Any CPU
		{A7E2776F-F5B8-4AB9-9DC3-C8E779FD79C7}.Debug|Any CPU.Build.0 = Debug|Any CPU
		{A7E2776F-F5B8-4AB9-9DC3-C8E779FD79C7}.Release|Any CPU.ActiveCfg = Release|Any CPU
		{A7E2776F-F5B8-4AB9-9DC3-C8E779FD79C7}.Release|Any CPU.Build.0 = Release|Any CPU
		{0C83C912-447C-4178-BE5A-6CD7F82E9C7C}.Debug|Any CPU.ActiveCfg = Debug|Any CPU
		{0C83C912-447C-4178-BE5A-6CD7F82E9C7C}.Debug|Any CPU.Build.0 = Debug|Any CPU
		{0C83C912-447C-4178-BE5A-6CD7F82E9C7C}.Release|Any CPU.ActiveCfg = Release|Any CPU
		{0C83C912-447C-4178-BE5A-6CD7F82E9C7C}.Release|Any CPU.Build.0 = Release|Any CPU
		{55A2CF8C-CFC7-4768-9585-5A670338CBF9}.Debug|Any CPU.ActiveCfg = Debug|Any CPU
		{55A2CF8C-CFC7-4768-9585-5A670338CBF9}.Debug|Any CPU.Build.0 = Debug|Any CPU
		{55A2CF8C-CFC7-4768-9585-5A670338CBF9}.Release|Any CPU.ActiveCfg = Release|Any CPU
		{55A2CF8C-CFC7-4768-9585-5A670338CBF9}.Release|Any CPU.Build.0 = Release|Any CPU
		{833104BE-389D-4FCA-9D11-8A799A630202}.Debug|Any CPU.ActiveCfg = Debug|Any CPU
		{833104BE-389D-4FCA-9D11-8A799A630202}.Debug|Any CPU.Build.0 = Debug|Any CPU
		{833104BE-389D-4FCA-9D11-8A799A630202}.Release|Any CPU.ActiveCfg = Release|Any CPU
		{833104BE-389D-4FCA-9D11-8A799A630202}.Release|Any CPU.Build.0 = Release|Any CPU
		{776959A8-FE40-4B14-A7FF-B8814135E899}.Debug|Any CPU.ActiveCfg = Debug|Any CPU
		{776959A8-FE40-4B14-A7FF-B8814135E899}.Debug|Any CPU.Build.0 = Debug|Any CPU
		{776959A8-FE40-4B14-A7FF-B8814135E899}.Release|Any CPU.ActiveCfg = Release|Any CPU
		{776959A8-FE40-4B14-A7FF-B8814135E899}.Release|Any CPU.Build.0 = Release|Any CPU
		{D952944C-B3D0-49DA-9694-AE0471BC1962}.Debug|Any CPU.ActiveCfg = Debug|Any CPU
		{D952944C-B3D0-49DA-9694-AE0471BC1962}.Debug|Any CPU.Build.0 = Debug|Any CPU
		{D952944C-B3D0-49DA-9694-AE0471BC1962}.Release|Any CPU.ActiveCfg = Release|Any CPU
		{D952944C-B3D0-49DA-9694-AE0471BC1962}.Release|Any CPU.Build.0 = Release|Any CPU
		{43C1BDF5-F686-49D4-85FA-19A11A8892C3}.Debug|Any CPU.ActiveCfg = Debug|Any CPU
		{43C1BDF5-F686-49D4-85FA-19A11A8892C3}.Debug|Any CPU.Build.0 = Debug|Any CPU
		{43C1BDF5-F686-49D4-85FA-19A11A8892C3}.Release|Any CPU.ActiveCfg = Release|Any CPU
		{43C1BDF5-F686-49D4-85FA-19A11A8892C3}.Release|Any CPU.Build.0 = Release|Any CPU
		{0D541232-9E68-44D5-BDC4-35A4F7F8ECA0}.Debug|Any CPU.ActiveCfg = Debug|Any CPU
		{0D541232-9E68-44D5-BDC4-35A4F7F8ECA0}.Debug|Any CPU.Build.0 = Debug|Any CPU
		{0D541232-9E68-44D5-BDC4-35A4F7F8ECA0}.Release|Any CPU.ActiveCfg = Release|Any CPU
		{0D541232-9E68-44D5-BDC4-35A4F7F8ECA0}.Release|Any CPU.Build.0 = Release|Any CPU
		{EBD9083B-42B8-46ED-AA55-00BF89A81D8F}.Debug|Any CPU.ActiveCfg = Debug|Any CPU
		{EBD9083B-42B8-46ED-AA55-00BF89A81D8F}.Debug|Any CPU.Build.0 = Debug|Any CPU
		{EBD9083B-42B8-46ED-AA55-00BF89A81D8F}.Release|Any CPU.ActiveCfg = Release|Any CPU
		{EBD9083B-42B8-46ED-AA55-00BF89A81D8F}.Release|Any CPU.Build.0 = Release|Any CPU
		{425BB7F7-7676-431E-A868-2D4D5B7E81A3}.Debug|Any CPU.ActiveCfg = Debug|Any CPU
		{425BB7F7-7676-431E-A868-2D4D5B7E81A3}.Debug|Any CPU.Build.0 = Debug|Any CPU
		{425BB7F7-7676-431E-A868-2D4D5B7E81A3}.Release|Any CPU.ActiveCfg = Release|Any CPU
		{425BB7F7-7676-431E-A868-2D4D5B7E81A3}.Release|Any CPU.Build.0 = Release|Any CPU
		{ED775E2B-875C-47BA-8CE3-0D225B068958}.Debug|Any CPU.ActiveCfg = Debug|Any CPU
		{ED775E2B-875C-47BA-8CE3-0D225B068958}.Debug|Any CPU.Build.0 = Debug|Any CPU
		{ED775E2B-875C-47BA-8CE3-0D225B068958}.Release|Any CPU.ActiveCfg = Release|Any CPU
		{ED775E2B-875C-47BA-8CE3-0D225B068958}.Release|Any CPU.Build.0 = Release|Any CPU
		{70AFDFCC-12C4-40BA-AEB4-5A1D225230D5}.Debug|Any CPU.ActiveCfg = Debug|Any CPU
		{70AFDFCC-12C4-40BA-AEB4-5A1D225230D5}.Debug|Any CPU.Build.0 = Debug|Any CPU
		{70AFDFCC-12C4-40BA-AEB4-5A1D225230D5}.Release|Any CPU.ActiveCfg = Release|Any CPU
		{70AFDFCC-12C4-40BA-AEB4-5A1D225230D5}.Release|Any CPU.Build.0 = Release|Any CPU
		{C2F49E00-E06F-48D7-9638-D536FDB6BBE8}.Debug|Any CPU.ActiveCfg = Debug|Any CPU
		{C2F49E00-E06F-48D7-9638-D536FDB6BBE8}.Debug|Any CPU.Build.0 = Debug|Any CPU
		{C2F49E00-E06F-48D7-9638-D536FDB6BBE8}.Release|Any CPU.ActiveCfg = Release|Any CPU
		{C2F49E00-E06F-48D7-9638-D536FDB6BBE8}.Release|Any CPU.Build.0 = Release|Any CPU
		{94079B51-EB94-4AFD-BBDD-7CCB9D8B530D}.Debug|Any CPU.ActiveCfg = Debug|Any CPU
		{94079B51-EB94-4AFD-BBDD-7CCB9D8B530D}.Debug|Any CPU.Build.0 = Debug|Any CPU
		{94079B51-EB94-4AFD-BBDD-7CCB9D8B530D}.Release|Any CPU.ActiveCfg = Release|Any CPU
		{94079B51-EB94-4AFD-BBDD-7CCB9D8B530D}.Release|Any CPU.Build.0 = Release|Any CPU
		{D04BC8CA-9D72-471E-BE51-B68D58799D16}.Debug|Any CPU.ActiveCfg = Debug|Any CPU
		{D04BC8CA-9D72-471E-BE51-B68D58799D16}.Debug|Any CPU.Build.0 = Debug|Any CPU
		{D04BC8CA-9D72-471E-BE51-B68D58799D16}.Release|Any CPU.ActiveCfg = Release|Any CPU
		{D04BC8CA-9D72-471E-BE51-B68D58799D16}.Release|Any CPU.Build.0 = Release|Any CPU
		{4D0B4220-0828-4738-95AF-43B9264EDBDE}.Debug|Any CPU.ActiveCfg = Debug|Any CPU
		{4D0B4220-0828-4738-95AF-43B9264EDBDE}.Debug|Any CPU.Build.0 = Debug|Any CPU
		{4D0B4220-0828-4738-95AF-43B9264EDBDE}.Release|Any CPU.ActiveCfg = Release|Any CPU
		{4D0B4220-0828-4738-95AF-43B9264EDBDE}.Release|Any CPU.Build.0 = Release|Any CPU
		{788D2586-2D0D-4E45-81D5-8FFE178338CE}.Debug|Any CPU.ActiveCfg = Debug|Any CPU
		{788D2586-2D0D-4E45-81D5-8FFE178338CE}.Debug|Any CPU.Build.0 = Debug|Any CPU
		{788D2586-2D0D-4E45-81D5-8FFE178338CE}.Release|Any CPU.ActiveCfg = Release|Any CPU
		{788D2586-2D0D-4E45-81D5-8FFE178338CE}.Release|Any CPU.Build.0 = Release|Any CPU
		{5C5978A0-22D5-4B46-B831-F3CB929CA377}.Debug|Any CPU.ActiveCfg = Debug|Any CPU
		{5C5978A0-22D5-4B46-B831-F3CB929CA377}.Debug|Any CPU.Build.0 = Debug|Any CPU
		{5C5978A0-22D5-4B46-B831-F3CB929CA377}.Release|Any CPU.ActiveCfg = Release|Any CPU
		{5C5978A0-22D5-4B46-B831-F3CB929CA377}.Release|Any CPU.Build.0 = Release|Any CPU
	EndGlobalSection
	GlobalSection(SolutionProperties) = preSolution
		HideSolutionNode = FALSE
	EndGlobalSection
	GlobalSection(NestedProjects) = preSolution
		{F67347D0-4A2A-416D-957D-3AC7875C9470} = {EF9B0385-D7E7-4850-83AF-B7F469301A1B}
		{A3E654C7-9389-44D3-A03D-70ACE567C96C} = {EF9B0385-D7E7-4850-83AF-B7F469301A1B}
		{C8E93050-5593-4385-A9C1-F740713123DC} = {EF9B0385-D7E7-4850-83AF-B7F469301A1B}
		{A7E2776F-F5B8-4AB9-9DC3-C8E779FD79C7} = {EF9B0385-D7E7-4850-83AF-B7F469301A1B}
		{0C83C912-447C-4178-BE5A-6CD7F82E9C7C} = {EF9B0385-D7E7-4850-83AF-B7F469301A1B}
		{55A2CF8C-CFC7-4768-9585-5A670338CBF9} = {2D78F507-C3C5-4117-8A06-E6174D183AFF}
		{833104BE-389D-4FCA-9D11-8A799A630202} = {2D78F507-C3C5-4117-8A06-E6174D183AFF}
		{776959A8-FE40-4B14-A7FF-B8814135E899} = {EDF9665B-7FD7-4071-9F63-BC1CF3449751}
		{D952944C-B3D0-49DA-9694-AE0471BC1962} = {EF9B0385-D7E7-4850-83AF-B7F469301A1B}
		{43C1BDF5-F686-49D4-85FA-19A11A8892C3} = {EF9B0385-D7E7-4850-83AF-B7F469301A1B}
		{0D541232-9E68-44D5-BDC4-35A4F7F8ECA0} = {EDF9665B-7FD7-4071-9F63-BC1CF3449751}
		{EBD9083B-42B8-46ED-AA55-00BF89A81D8F} = {EF9B0385-D7E7-4850-83AF-B7F469301A1B}
		{425BB7F7-7676-431E-A868-2D4D5B7E81A3} = {EDF9665B-7FD7-4071-9F63-BC1CF3449751}
		{ED775E2B-875C-47BA-8CE3-0D225B068958} = {2D78F507-C3C5-4117-8A06-E6174D183AFF}
		{70AFDFCC-12C4-40BA-AEB4-5A1D225230D5} = {EDF9665B-7FD7-4071-9F63-BC1CF3449751}
		{C2F49E00-E06F-48D7-9638-D536FDB6BBE8} = {2D78F507-C3C5-4117-8A06-E6174D183AFF}
		{94079B51-EB94-4AFD-BBDD-7CCB9D8B530D} = {EDF9665B-7FD7-4071-9F63-BC1CF3449751}
		{EDF9665B-7FD7-4071-9F63-BC1CF3449751} = {EF9B0385-D7E7-4850-83AF-B7F469301A1B}
		{D04BC8CA-9D72-471E-BE51-B68D58799D16} = {EDF9665B-7FD7-4071-9F63-BC1CF3449751}
		{6FBDB269-D6B1-45EE-8941-2FB986342121} = {EF9B0385-D7E7-4850-83AF-B7F469301A1B}
		{5C5978A0-22D5-4B46-B831-F3CB929CA377} = {6FBDB269-D6B1-45EE-8941-2FB986342121}
	EndGlobalSection
	GlobalSection(ExtensibilityGlobals) = postSolution
		SolutionGuid = {BAE00A32-E50E-45AF-852D-701DC35389D8}
	EndGlobalSection
EndGlobal
